
Microsoft Visual Studio Solution File, Format Version 11.00
# Visual Studio 2010
Project("{FAE04EC0-301F-11D3-BF4B-00C04F79EFBC}") = "UnityEngine.TestRunner", "UnityEngine.TestRunner.csproj", "{3a63090d-e12b-43ba-04ba-1d593ce5fb67}"
EndProject
Project("{FAE04EC0-301F-11D3-BF4B-00C04F79EFBC}") = "UnityEngine.UI", "UnityEngine.UI.csproj", "{80a340a8-c904-8375-ed2d-e73ec8dbba27}"
EndProject
Project("{FAE04EC0-301F-11D3-BF4B-00C04F79EFBC}") = "Unity.Mathematics", "Unity.Mathematics.csproj", "{6b8ec70c-bd4a-dd94-36bc-c5a8f50d15fa}"
EndProject
Project("{FAE04EC0-301F-11D3-BF4B-00C04F79EFBC}") = "Unity.VisualScripting.State", "Unity.VisualScripting.State.csproj", "{9ca913cb-e73b-49be-d1c3-14e28df8fceb}"
EndProject
Project("{FAE04EC0-301F-11D3-BF4B-00C04F79EFBC}") = "Unity.VisualScripting.Core", "Unity.VisualScripting.Core.csproj", "{aa2f8ef1-44ef-5713-34e0-fe306c14b70e}"
EndProject
Project("{FAE04EC0-301F-11D3-BF4B-00C04F79EFBC}") = "Unity.VisualScripting.Flow", "Unity.VisualScripting.Flow.csproj", "{c66417c0-9c82-56a9-ecdd-1b9552be94ae}"
EndProject
Project("{FAE04EC0-301F-11D3-BF4B-00C04F79EFBC}") = "Unity.2D.Animation.Runtime", "Unity.2D.Animation.Runtime.csproj", "{53c4d32f-63f5-2911-109c-bff7da6f869e}"
EndProject
Project("{FAE04EC0-301F-11D3-BF4B-00C04F79EFBC}") = "Unity.TextMeshPro", "Unity.TextMeshPro.csproj", "{8b4f7395-0dd3-9622-80bd-e5180c7526c9}"
EndProject
Project("{FAE04EC0-301F-11D3-BF4B-00C04F79EFBC}") = "Unity.Timeline", "Unity.Timeline.csproj", "{3d12c772-a5d4-3ea1-7a58-82fe0235ea0a}"
EndProject
Project("{FAE04EC0-301F-11D3-BF4B-00C04F79EFBC}") = "Unity.2D.SpriteShape.Runtime", "Unity.2D.SpriteShape.Runtime.csproj", "{bf378b3c-5298-3997-bb20-d9c5e3382a3d}"
EndProject
Project("{FAE04EC0-301F-11D3-BF4B-00C04F79EFBC}") = "Unity.2D.Animation.Triangle.Runtime", "Unity.2D.Animation.Triangle.Runtime.csproj", "{bb8f4f14-4233-151c-9e05-3614d583da67}"
EndProject
Project("{FAE04EC0-301F-11D3-BF4B-00C04F79EFBC}") = "Unity.2D.PixelPerfect", "Unity.2D.PixelPerfect.csproj", "{0b4d56c9-dc77-8b5c-02dd-1d9363b172a7}"
EndProject
Project("{FAE04EC0-301F-11D3-BF4B-00C04F79EFBC}") = "Unity.2D.IK.Runtime", "Unity.2D.IK.Runtime.csproj", "{b1df370b-976e-2649-4cb8-5e65b3ba5b58}"
EndProject
Project("{FAE04EC0-301F-11D3-BF4B-00C04F79EFBC}") = "Unity.2D.Tilemap.Extras", "Unity.2D.Tilemap.Extras.csproj", "{8b8fe5b8-6427-f5bf-b133-2a45d89fb2dc}"
EndProject
Project("{FAE04EC0-301F-11D3-BF4B-00C04F79EFBC}") = "Unity.2D.Common.Runtime", "Unity.2D.Common.Runtime.csproj", "{5f2c6655-17b6-299f-90a8-eae1e8ad9d18}"
EndProject
Project("{FAE04EC0-301F-11D3-BF4B-00C04F79EFBC}") = "Unity.InternalAPIEngineBridge.001", "Unity.InternalAPIEngineBridge.001.csproj", "{a72f0d95-ad19-5c07-a59a-aec9257911ee}"
EndProject
Project("{FAE04EC0-301F-11D3-BF4B-00C04F79EFBC}") = "Unity.PlasticSCM.Editor", "Unity.PlasticSCM.Editor.csproj", "{00f41e05-8d6c-d262-af2e-a6a23d312e8f}"
EndProject
Project("{FAE04EC0-301F-11D3-BF4B-00C04F79EFBC}") = "Unity.VisualScripting.Core.Editor", "Unity.VisualScripting.Core.Editor.csproj", "{93078c63-063a-05f4-4c2e-e90a67b23dc2}"
EndProject
Project("{FAE04EC0-301F-11D3-BF4B-00C04F79EFBC}") = "Unity.VisualStudio.Editor", "Unity.VisualStudio.Editor.csproj", "{d00e0e16-46c1-4836-cab1-bf19bc659876}"
EndProject
Project("{FAE04EC0-301F-11D3-BF4B-00C04F79EFBC}") = "Unity.Timeline.Editor", "Unity.Timeline.Editor.csproj", "{aec2e2b7-e439-63f9-1b46-628f33e98199}"
EndProject
Project("{FAE04EC0-301F-11D3-BF4B-00C04F79EFBC}") = "Unity.VisualScripting.State.Editor", "Unity.VisualScripting.State.Editor.csproj", "{9fe521d0-053b-5a7a-3a32-e30ee86c7fa4}"
EndProject
Project("{FAE04EC0-301F-11D3-BF4B-00C04F79EFBC}") = "Unity.TextMeshPro.Editor", "Unity.TextMeshPro.Editor.csproj", "{504ae94f-a37c-7bc2-f597-e13d751d9240}"
EndProject
Project("{FAE04EC0-301F-11D3-BF4B-00C04F79EFBC}") = "Unity.2D.Animation.Editor", "Unity.2D.Animation.Editor.csproj", "{ef952a1d-5205-0c56-9d52-61e4597f5f04}"
EndProject
Project("{FAE04EC0-301F-11D3-BF4B-00C04F79EFBC}") = "VSSettingsProvider", "VSSettingsProvider.csproj", "{ab03a641-1de3-b3b3-ba2a-4be6308bbe65}"
EndProject
Project("{FAE04EC0-301F-11D3-BF4B-00C04F79EFBC}") = "Unity.CollabProxy.Editor", "Unity.CollabProxy.Editor.csproj", "{d76d8bb6-52f8-2be2-166a-3355e21b88c4}"
EndProject
Project("{FAE04EC0-301F-11D3-BF4B-00C04F79EFBC}") = "UnityEditor.TestRunner", "UnityEditor.TestRunner.csproj", "{58334dbf-0eea-5258-eff4-360fb6b5f359}"
EndProject
Project("{FAE04EC0-301F-11D3-BF4B-00C04F79EFBC}") = "Unity.VisualScripting.Flow.Editor", "Unity.VisualScripting.Flow.Editor.csproj", "{5c171052-8c68-1643-d9a8-d1bee38f382b}"
EndProject
Project("{FAE04EC0-301F-11D3-BF4B-00C04F79EFBC}") = "Unity.Rider.Editor", "Unity.Rider.Editor.csproj", "{7e565898-d37d-581a-d4b6-239944945e43}"
EndProject
Project("{FAE04EC0-301F-11D3-BF4B-00C04F79EFBC}") = "Unity.2D.Path.Editor", "Unity.2D.Path.Editor.csproj", "{a0a45fc7-c5eb-b1f0-6c2f-048e619a75ed}"
EndProject
Project("{FAE04EC0-301F-11D3-BF4B-00C04F79EFBC}") = "PsdPlugin", "PsdPlugin.csproj", "{01a982b6-9b2e-7efa-8e7b-cefaaf0ad0cf}"
EndProject
Project("{FAE04EC0-301F-11D3-BF4B-00C04F79EFBC}") = "Unity.2D.IK.Editor", "Unity.2D.IK.Editor.csproj", "{9ddf1969-64ab-bec3-faae-fd274c6e5d1b}"
EndProject
Project("{FAE04EC0-301F-11D3-BF4B-00C04F79EFBC}") = "Unity.2D.Psdimporter.Editor", "Unity.2D.Psdimporter.Editor.csproj", "{a1f21031-9d3c-f95e-ad3f-5789d8f79f99}"
EndProject
Project("{FAE04EC0-301F-11D3-BF4B-00C04F79EFBC}") = "Unity.2D.SpriteShape.Editor", "Unity.2D.SpriteShape.Editor.csproj", "{86985a04-0cfb-6fb2-29e1-0ebd54dd5397}"
EndProject
Project("{FAE04EC0-301F-11D3-BF4B-00C04F79EFBC}") = "Unity.2D.Tilemap.Editor", "Unity.2D.Tilemap.Editor.csproj", "{6bcf6d99-84cd-296b-e5fd-56315b8767b5}"
EndProject
Project("{FAE04EC0-301F-11D3-BF4B-00C04F79EFBC}") = "Unity.2D.PixelPerfect.Editor", "Unity.2D.PixelPerfect.Editor.csproj", "{eabeeb7f-71a7-4bdb-f9fa-c2b164146e4a}"
EndProject
Project("{FAE04EC0-301F-11D3-BF4B-00C04F79EFBC}") = "Unity.VSCode.Editor", "Unity.VSCode.Editor.csproj", "{f94b2035-7e45-24be-b991-18cd8efdf59f}"
EndProject
Project("{FAE04EC0-301F-11D3-BF4B-00C04F79EFBC}") = "Unity.2D.Sprite.Editor", "Unity.2D.Sprite.Editor.csproj", "{cabe5bc6-4d72-7857-1f12-11e9cf21e3ca}"
EndProject
Project("{FAE04EC0-301F-11D3-BF4B-00C04F79EFBC}") = "UnityEditor.UI", "UnityEditor.UI.csproj", "{7d85a442-e2b1-4704-7b47-cd85726c7e93}"
EndProject
Project("{FAE04EC0-301F-11D3-BF4B-00C04F79EFBC}") = "Unity.Mathematics.Editor", "Unity.Mathematics.Editor.csproj", "{f5dcbe7f-5135-d6f0-7024-8f0e57c6f337}"
EndProject
Project("{FAE04EC0-301F-11D3-BF4B-00C04F79EFBC}") = "Unity.2D.Common.Editor", "Unity.2D.Common.Editor.csproj", "{c1f90e45-7bfc-64de-7ca9-dbd8bf8656d1}"
EndProject
Project("{FAE04EC0-301F-11D3-BF4B-00C04F79EFBC}") = "Unity.2D.Tilemap.Extras.Editor", "Unity.2D.Tilemap.Extras.Editor.csproj", "{9fcc3df6-9f33-c356-af6f-5929e8a86202}"
EndProject
Project("{FAE04EC0-301F-11D3-BF4B-00C04F79EFBC}") = "Unity.InternalAPIEditorBridge.001", "Unity.InternalAPIEditorBridge.001.csproj", "{c8d9ac3e-02d3-a53a-fc07-8edc3c490683}"
EndProject
Global
	GlobalSection(SolutionConfigurationPlatforms) = preSolution
		Debug|Any CPU = Debug|Any CPU
	EndGlobalSection
	GlobalSection(ProjectConfigurationPlatforms) = postSolution
		{3a63090d-e12b-43ba-04ba-1d593ce5fb67}.Debug|Any CPU.ActiveCfg = Debug|Any CPU
		{3a63090d-e12b-43ba-04ba-1d593ce5fb67}.Debug|Any CPU.Build.0 = Debug|Any CPU
		{80a340a8-c904-8375-ed2d-e73ec8dbba27}.Debug|Any CPU.ActiveCfg = Debug|Any CPU
		{80a340a8-c904-8375-ed2d-e73ec8dbba27}.Debug|Any CPU.Build.0 = Debug|Any CPU
		{6b8ec70c-bd4a-dd94-36bc-c5a8f50d15fa}.Debug|Any CPU.ActiveCfg = Debug|Any CPU
		{6b8ec70c-bd4a-dd94-36bc-c5a8f50d15fa}.Debug|Any CPU.Build.0 = Debug|Any CPU
		{9ca913cb-e73b-49be-d1c3-14e28df8fceb}.Debug|Any CPU.ActiveCfg = Debug|Any CPU
		{9ca913cb-e73b-49be-d1c3-14e28df8fceb}.Debug|Any CPU.Build.0 = Debug|Any CPU
		{aa2f8ef1-44ef-5713-34e0-fe306c14b70e}.Debug|Any CPU.ActiveCfg = Debug|Any CPU
		{aa2f8ef1-44ef-5713-34e0-fe306c14b70e}.Debug|Any CPU.Build.0 = Debug|Any CPU
		{c66417c0-9c82-56a9-ecdd-1b9552be94ae}.Debug|Any CPU.ActiveCfg = Debug|Any CPU
		{c66417c0-9c82-56a9-ecdd-1b9552be94ae}.Debug|Any CPU.Build.0 = Debug|Any CPU
		{53c4d32f-63f5-2911-109c-bff7da6f869e}.Debug|Any CPU.ActiveCfg = Debug|Any CPU
		{53c4d32f-63f5-2911-109c-bff7da6f869e}.Debug|Any CPU.Build.0 = Debug|Any CPU
		{8b4f7395-0dd3-9622-80bd-e5180c7526c9}.Debug|Any CPU.ActiveCfg = Debug|Any CPU
		{8b4f7395-0dd3-9622-80bd-e5180c7526c9}.Debug|Any CPU.Build.0 = Debug|Any CPU
		{3d12c772-a5d4-3ea1-7a58-82fe0235ea0a}.Debug|Any CPU.ActiveCfg = Debug|Any CPU
		{3d12c772-a5d4-3ea1-7a58-82fe0235ea0a}.Debug|Any CPU.Build.0 = Debug|Any CPU
		{bf378b3c-5298-3997-bb20-d9c5e3382a3d}.Debug|Any CPU.ActiveCfg = Debug|Any CPU
		{bf378b3c-5298-3997-bb20-d9c5e3382a3d}.Debug|Any CPU.Build.0 = Debug|Any CPU
		{bb8f4f14-4233-151c-9e05-3614d583da67}.Debug|Any CPU.ActiveCfg = Debug|Any CPU
		{bb8f4f14-4233-151c-9e05-3614d583da67}.Debug|Any CPU.Build.0 = Debug|Any CPU
		{0b4d56c9-dc77-8b5c-02dd-1d9363b172a7}.Debug|Any CPU.ActiveCfg = Debug|Any CPU
		{0b4d56c9-dc77-8b5c-02dd-1d9363b172a7}.Debug|Any CPU.Build.0 = Debug|Any CPU
		{b1df370b-976e-2649-4cb8-5e65b3ba5b58}.Debug|Any CPU.ActiveCfg = Debug|Any CPU
		{b1df370b-976e-2649-4cb8-5e65b3ba5b58}.Debug|Any CPU.Build.0 = Debug|Any CPU
		{8b8fe5b8-6427-f5bf-b133-2a45d89fb2dc}.Debug|Any CPU.ActiveCfg = Debug|Any CPU
		{8b8fe5b8-6427-f5bf-b133-2a45d89fb2dc}.Debug|Any CPU.Build.0 = Debug|Any CPU
		{5f2c6655-17b6-299f-90a8-eae1e8ad9d18}.Debug|Any CPU.ActiveCfg = Debug|Any CPU
		{5f2c6655-17b6-299f-90a8-eae1e8ad9d18}.Debug|Any CPU.Build.0 = Debug|Any CPU
		{a72f0d95-ad19-5c07-a59a-aec9257911ee}.Debug|Any CPU.ActiveCfg = Debug|Any CPU
		{a72f0d95-ad19-5c07-a59a-aec9257911ee}.Debug|Any CPU.Build.0 = Debug|Any CPU
		{00f41e05-8d6c-d262-af2e-a6a23d312e8f}.Debug|Any CPU.ActiveCfg = Debug|Any CPU
		{00f41e05-8d6c-d262-af2e-a6a23d312e8f}.Debug|Any CPU.Build.0 = Debug|Any CPU
		{93078c63-063a-05f4-4c2e-e90a67b23dc2}.Debug|Any CPU.ActiveCfg = Debug|Any CPU
		{93078c63-063a-05f4-4c2e-e90a67b23dc2}.Debug|Any CPU.Build.0 = Debug|Any CPU
		{d00e0e16-46c1-4836-cab1-bf19bc659876}.Debug|Any CPU.ActiveCfg = Debug|Any CPU
		{d00e0e16-46c1-4836-cab1-bf19bc659876}.Debug|Any CPU.Build.0 = Debug|Any CPU
		{aec2e2b7-e439-63f9-1b46-628f33e98199}.Debug|Any CPU.ActiveCfg = Debug|Any CPU
		{aec2e2b7-e439-63f9-1b46-628f33e98199}.Debug|Any CPU.Build.0 = Debug|Any CPU
		{9fe521d0-053b-5a7a-3a32-e30ee86c7fa4}.Debug|Any CPU.ActiveCfg = Debug|Any CPU
		{9fe521d0-053b-5a7a-3a32-e30ee86c7fa4}.Debug|Any CPU.Build.0 = Debug|Any CPU
		{504ae94f-a37c-7bc2-f597-e13d751d9240}.Debug|Any CPU.ActiveCfg = Debug|Any CPU
		{504ae94f-a37c-7bc2-f597-e13d751d9240}.Debug|Any CPU.Build.0 = Debug|Any CPU
		{ef952a1d-5205-0c56-9d52-61e4597f5f04}.Debug|Any CPU.ActiveCfg = Debug|Any CPU
		{ef952a1d-5205-0c56-9d52-61e4597f5f04}.Debug|Any CPU.Build.0 = Debug|Any CPU
		{ab03a641-1de3-b3b3-ba2a-4be6308bbe65}.Debug|Any CPU.ActiveCfg = Debug|Any CPU
		{ab03a641-1de3-b3b3-ba2a-4be6308bbe65}.Debug|Any CPU.Build.0 = Debug|Any CPU
		{d76d8bb6-52f8-2be2-166a-3355e21b88c4}.Debug|Any CPU.ActiveCfg = Debug|Any CPU
		{d76d8bb6-52f8-2be2-166a-3355e21b88c4}.Debug|Any CPU.Build.0 = Debug|Any CPU
		{58334dbf-0eea-5258-eff4-360fb6b5f359}.Debug|Any CPU.ActiveCfg = Debug|Any CPU
		{58334dbf-0eea-5258-eff4-360fb6b5f359}.Debug|Any CPU.Build.0 = Debug|Any CPU
		{5c171052-8c68-1643-d9a8-d1bee38f382b}.Debug|Any CPU.ActiveCfg = Debug|Any CPU
		{5c171052-8c68-1643-d9a8-d1bee38f382b}.Debug|Any CPU.Build.0 = Debug|Any CPU
		{7e565898-d37d-581a-d4b6-239944945e43}.Debug|Any CPU.ActiveCfg = Debug|Any CPU
		{7e565898-d37d-581a-d4b6-239944945e43}.Debug|Any CPU.Build.0 = Debug|Any CPU
		{a0a45fc7-c5eb-b1f0-6c2f-048e619a75ed}.Debug|Any CPU.ActiveCfg = Debug|Any CPU
		{a0a45fc7-c5eb-b1f0-6c2f-048e619a75ed}.Debug|Any CPU.Build.0 = Debug|Any CPU
		{01a982b6-9b2e-7efa-8e7b-cefaaf0ad0cf}.Debug|Any CPU.ActiveCfg = Debug|Any CPU
		{01a982b6-9b2e-7efa-8e7b-cefaaf0ad0cf}.Debug|Any CPU.Build.0 = Debug|Any CPU
		{9ddf1969-64ab-bec3-faae-fd274c6e5d1b}.Debug|Any CPU.ActiveCfg = Debug|Any CPU
		{9ddf1969-64ab-bec3-faae-fd274c6e5d1b}.Debug|Any CPU.Build.0 = Debug|Any CPU
		{a1f21031-9d3c-f95e-ad3f-5789d8f79f99}.Debug|Any CPU.ActiveCfg = Debug|Any CPU
		{a1f21031-9d3c-f95e-ad3f-5789d8f79f99}.Debug|Any CPU.Build.0 = Debug|Any CPU
		{86985a04-0cfb-6fb2-29e1-0ebd54dd5397}.Debug|Any CPU.ActiveCfg = Debug|Any CPU
		{86985a04-0cfb-6fb2-29e1-0ebd54dd5397}.Debug|Any CPU.Build.0 = Debug|Any CPU
		{6bcf6d99-84cd-296b-e5fd-56315b8767b5}.Debug|Any CPU.ActiveCfg = Debug|Any CPU
		{6bcf6d99-84cd-296b-e5fd-56315b8767b5}.Debug|Any CPU.Build.0 = Debug|Any CPU
		{eabeeb7f-71a7-4bdb-f9fa-c2b164146e4a}.Debug|Any CPU.ActiveCfg = Debug|Any CPU
		{eabeeb7f-71a7-4bdb-f9fa-c2b164146e4a}.Debug|Any CPU.Build.0 = Debug|Any CPU
		{f94b2035-7e45-24be-b991-18cd8efdf59f}.Debug|Any CPU.ActiveCfg = Debug|Any CPU
		{f94b2035-7e45-24be-b991-18cd8efdf59f}.Debug|Any CPU.Build.0 = Debug|Any CPU
		{cabe5bc6-4d72-7857-1f12-11e9cf21e3ca}.Debug|Any CPU.ActiveCfg = Debug|Any CPU
		{cabe5bc6-4d72-7857-1f12-11e9cf21e3ca}.Debug|Any CPU.Build.0 = Debug|Any CPU
		{7d85a442-e2b1-4704-7b47-cd85726c7e93}.Debug|Any CPU.ActiveCfg = Debug|Any CPU
		{7d85a442-e2b1-4704-7b47-cd85726c7e93}.Debug|Any CPU.Build.0 = Debug|Any CPU
		{f5dcbe7f-5135-d6f0-7024-8f0e57c6f337}.Debug|Any CPU.ActiveCfg = Debug|Any CPU
		{f5dcbe7f-5135-d6f0-7024-8f0e57c6f337}.Debug|Any CPU.Build.0 = Debug|Any CPU
		{c1f90e45-7bfc-64de-7ca9-dbd8bf8656d1}.Debug|Any CPU.ActiveCfg = Debug|Any CPU
		{c1f90e45-7bfc-64de-7ca9-dbd8bf8656d1}.Debug|Any CPU.Build.0 = Debug|Any CPU
		{9fcc3df6-9f33-c356-af6f-5929e8a86202}.Debug|Any CPU.ActiveCfg = Debug|Any CPU
		{9fcc3df6-9f33-c356-af6f-5929e8a86202}.Debug|Any CPU.Build.0 = Debug|Any CPU
		{c8d9ac3e-02d3-a53a-fc07-8edc3c490683}.Debug|Any CPU.ActiveCfg = Debug|Any CPU
		{c8d9ac3e-02d3-a53a-fc07-8edc3c490683}.Debug|Any CPU.Build.0 = Debug|Any CPU
	EndGlobalSection
	GlobalSection(SolutionProperties) = preSolution
		HideSolutionNode = FALSE
	EndGlobalSection
EndGlobal
